
Microsoft Visual Studio Solution File, Format Version 12.00
# Visual Studio 15
VisualStudioVersion = 15.0.28307.489
MinimumVisualStudioVersion = 10.0.40219.1
Project("{9A19103F-16F7-4668-BE54-9A1E7A4F7556}") = "StockViewer", "StockViewer\StockViewer.csproj", "{B1A51DD3-B25C-44ED-892C-CECF58068A53}"
EndProject
Global
	GlobalSection(SolutionConfigurationPlatforms) = preSolution
		Debug|Any CPU = Debug|Any CPU
		Release|Any CPU = Release|Any CPU
	EndGlobalSection
	GlobalSection(ProjectConfigurationPlatforms) = postSolution
		{B1A51DD3-B25C-44ED-892C-CECF58068A53}.Debug|Any CPU.ActiveCfg = Debug|Any CPU
		{B1A51DD3-B25C-44ED-892C-CECF58068A53}.Debug|Any CPU.Build.0 = Debug|Any CPU
		{B1A51DD3-B25C-44ED-892C-CECF58068A53}.Release|Any CPU.ActiveCfg = Release|Any CPU
		{B1A51DD3-B25C-44ED-892C-CECF58068A53}.Release|Any CPU.Build.0 = Release|Any CPU
	EndGlobalSection
	GlobalSection(SolutionProperties) = preSolution
		HideSolutionNode = FALSE
	EndGlobalSection
	GlobalSection(ExtensibilityGlobals) = postSolution
		SolutionGuid = {4F45409D-02D8-45BA-BCA3-61B210EDB104}
	EndGlobalSection
EndGlobal
